// !$*UTF8*$!
{
	archiveVersion = 1;
	classes = {
	};
	objectVersion = 56;
	objects = {

/* Begin PBXBuildFile section */
		5664824B29686F14001E60BD /* BioWeatherApp.swift in Sources */ = {isa = PBXBuildFile; fileRef = 5664824A29686F14001E60BD /* BioWeatherApp.swift */; };
		5664824F29686F15001E60BD /* Assets.xcassets in Resources */ = {isa = PBXBuildFile; fileRef = 5664824E29686F15001E60BD /* Assets.xcassets */; };
		56648276296870A0001E60BD /* LocationManager.swift in Sources */ = {isa = PBXBuildFile; fileRef = 56648275296870A0001E60BD /* LocationManager.swift */; };
		5664828229688371001E60BD /* AuthenticationView.swift in Sources */ = {isa = PBXBuildFile; fileRef = 5664828129688371001E60BD /* AuthenticationView.swift */; };
		5664828929689C66001E60BD /* Color+Custom.swift in Sources */ = {isa = PBXBuildFile; fileRef = 5664828829689C66001E60BD /* Color+Custom.swift */; };
		5664828B2968A9D0001E60BD /* AuthenticationViewModel.swift in Sources */ = {isa = PBXBuildFile; fileRef = 5664828A2968A9D0001E60BD /* AuthenticationViewModel.swift */; };
		5664828E2968AA5F001E60BD /* WeatherInformationView.swift in Sources */ = {isa = PBXBuildFile; fileRef = 5664828D2968AA5F001E60BD /* WeatherInformationView.swift */; };
		568E08762969ED3700BD5FA5 /* BioWeatherTestApp.swift in Sources */ = {isa = PBXBuildFile; fileRef = 568E08752969ED3700BD5FA5 /* BioWeatherTestApp.swift */; };
		568E08782969ED4E00BD5FA5 /* AppLauncher.swift in Sources */ = {isa = PBXBuildFile; fileRef = 568E08772969ED4E00BD5FA5 /* AppLauncher.swift */; };
		568E087A2969EE8900BD5FA5 /* AppConfiguration.swift in Sources */ = {isa = PBXBuildFile; fileRef = 568E08792969EE8900BD5FA5 /* AppConfiguration.swift */; };
		568E087F2969F02D00BD5FA5 /* AppConfigurationTest.swift in Sources */ = {isa = PBXBuildFile; fileRef = 568E087E2969F02D00BD5FA5 /* AppConfigurationTest.swift */; };
		568E08852969F24800BD5FA5 /* LocaleProvider.swift in Sources */ = {isa = PBXBuildFile; fileRef = 568E08842969F24800BD5FA5 /* LocaleProvider.swift */; };
		568E08922969F32900BD5FA5 /* NetworkProvider.swift in Sources */ = {isa = PBXBuildFile; fileRef = 568E08882969F32900BD5FA5 /* NetworkProvider.swift */; };
		568E08932969F32900BD5FA5 /* URLSessionNetworkProvider.swift in Sources */ = {isa = PBXBuildFile; fileRef = 568E08892969F32900BD5FA5 /* URLSessionNetworkProvider.swift */; };
		568E08942969F32900BD5FA5 /* URLBuilder.swift in Sources */ = {isa = PBXBuildFile; fileRef = 568E088B2969F32900BD5FA5 /* URLBuilder.swift */; };
		568E08952969F32900BD5FA5 /* Endpoint.swift in Sources */ = {isa = PBXBuildFile; fileRef = 568E088D2969F32900BD5FA5 /* Endpoint.swift */; };
		568E08962969F32900BD5FA5 /* Reachability.swift in Sources */ = {isa = PBXBuildFile; fileRef = 568E088F2969F32900BD5FA5 /* Reachability.swift */; };
		568E08972969F32900BD5FA5 /* ApiError.swift in Sources */ = {isa = PBXBuildFile; fileRef = 568E08912969F32900BD5FA5 /* ApiError.swift */; };
		568E08992969F37500BD5FA5 /* Endpoint+UrlRequest.swift in Sources */ = {isa = PBXBuildFile; fileRef = 568E08982969F37500BD5FA5 /* Endpoint+UrlRequest.swift */; };
		568E089E2969F44D00BD5FA5 /* DummyEndpoint.swift in Sources */ = {isa = PBXBuildFile; fileRef = 568E089D2969F44D00BD5FA5 /* DummyEndpoint.swift */; };
		568E08A22969F47F00BD5FA5 /* URLProtocolMock.swift in Sources */ = {isa = PBXBuildFile; fileRef = 568E08A12969F47F00BD5FA5 /* URLProtocolMock.swift */; };
		568E08A62969F4C800BD5FA5 /* URLSessionNetworkProviderTest.swift in Sources */ = {isa = PBXBuildFile; fileRef = 568E08A52969F4C800BD5FA5 /* URLSessionNetworkProviderTest.swift */; };
		568E08AA2969F4F700BD5FA5 /* ReachabilityMock.swift in Sources */ = {isa = PBXBuildFile; fileRef = 568E08A92969F4F700BD5FA5 /* ReachabilityMock.swift */; };
		568E08AC2969F57D00BD5FA5 /* UrlBuilderTest.swift in Sources */ = {isa = PBXBuildFile; fileRef = 568E08AB2969F57D00BD5FA5 /* UrlBuilderTest.swift */; };
		568E08AE2969F69300BD5FA5 /* CurrentWeatherEndpoint.swift in Sources */ = {isa = PBXBuildFile; fileRef = 568E08AD2969F69300BD5FA5 /* CurrentWeatherEndpoint.swift */; };
		568E08B12969F7C200BD5FA5 /* Coordinates.swift in Sources */ = {isa = PBXBuildFile; fileRef = 568E08B02969F7C200BD5FA5 /* Coordinates.swift */; };
		568E08B32969F85400BD5FA5 /* Coordinates+Map.swift in Sources */ = {isa = PBXBuildFile; fileRef = 568E08B22969F85400BD5FA5 /* Coordinates+Map.swift */; };
		568E08B52969F8AF00BD5FA5 /* CurrentWeatherEndpointTest.swift in Sources */ = {isa = PBXBuildFile; fileRef = 568E08B42969F8AF00BD5FA5 /* CurrentWeatherEndpointTest.swift */; };
		568E08B72969FA3400BD5FA5 /* Service.swift in Sources */ = {isa = PBXBuildFile; fileRef = 568E08B62969FA3400BD5FA5 /* Service.swift */; };
		568E08BA2969FA9800BD5FA5 /* DataParser.swift in Sources */ = {isa = PBXBuildFile; fileRef = 568E08B92969FA9800BD5FA5 /* DataParser.swift */; };
		568E08BC2969FAA800BD5FA5 /* JsonDataParser.swift in Sources */ = {isa = PBXBuildFile; fileRef = 568E08BB2969FAA800BD5FA5 /* JsonDataParser.swift */; };
		568E08BE2969FABF00BD5FA5 /* ParserError.swift in Sources */ = {isa = PBXBuildFile; fileRef = 568E08BD2969FABF00BD5FA5 /* ParserError.swift */; };
		568E08C12969FB1B00BD5FA5 /* JsonDataParserTest.swift in Sources */ = {isa = PBXBuildFile; fileRef = 568E08C02969FB1B00BD5FA5 /* JsonDataParserTest.swift */; };
		568E08C32969FB8E00BD5FA5 /* Weather.swift in Sources */ = {isa = PBXBuildFile; fileRef = 568E08C22969FB8E00BD5FA5 /* Weather.swift */; };
		568E08C82969FE4400BD5FA5 /* JSONHelper.swift in Sources */ = {isa = PBXBuildFile; fileRef = 568E08C72969FE4400BD5FA5 /* JSONHelper.swift */; };
		568E08CB2969FE9B00BD5FA5 /* weather.json in Resources */ = {isa = PBXBuildFile; fileRef = 568E08CA2969FE6800BD5FA5 /* weather.json */; };
		568E08D0296A001000BD5FA5 /* Location.swift in Sources */ = {isa = PBXBuildFile; fileRef = 568E08CF296A001000BD5FA5 /* Location.swift */; };
		568E08D2296A02DF00BD5FA5 /* CurrentWeather.swift in Sources */ = {isa = PBXBuildFile; fileRef = 568E08D1296A02DF00BD5FA5 /* CurrentWeather.swift */; };
		568E08D5296A051B00BD5FA5 /* location.json in Resources */ = {isa = PBXBuildFile; fileRef = 568E08D3296A04F500BD5FA5 /* location.json */; };
		568E08D6296A051B00BD5FA5 /* current-weather.json in Resources */ = {isa = PBXBuildFile; fileRef = 568E08D4296A050A00BD5FA5 /* current-weather.json */; };
		568E08D9296A057800BD5FA5 /* CurrentWeatherResponseTest.swift in Sources */ = {isa = PBXBuildFile; fileRef = 568E08D8296A057800BD5FA5 /* CurrentWeatherResponseTest.swift */; };
		568E08DB296A05F700BD5FA5 /* LocationResponseTest.swift in Sources */ = {isa = PBXBuildFile; fileRef = 568E08DA296A05F700BD5FA5 /* LocationResponseTest.swift */; };
		568E08DD296A063200BD5FA5 /* WeatherResponseTest.swift in Sources */ = {isa = PBXBuildFile; fileRef = 568E08DC296A063200BD5FA5 /* WeatherResponseTest.swift */; };
/* End PBXBuildFile section */

/* Begin PBXContainerItemProxy section */
		5664825829686F15001E60BD /* PBXContainerItemProxy */ = {
			isa = PBXContainerItemProxy;
			containerPortal = 5664823F29686F14001E60BD /* Project object */;
			proxyType = 1;
			remoteGlobalIDString = 5664824629686F14001E60BD;
			remoteInfo = BioWeather;
		};
/* End PBXContainerItemProxy section */

/* Begin PBXFileReference section */
		5664824729686F14001E60BD /* BioWeather.app */ = {isa = PBXFileReference; explicitFileType = wrapper.application; includeInIndex = 0; path = BioWeather.app; sourceTree = BUILT_PRODUCTS_DIR; };
		5664824A29686F14001E60BD /* BioWeatherApp.swift */ = {isa = PBXFileReference; lastKnownFileType = sourcecode.swift; path = BioWeatherApp.swift; sourceTree = "<group>"; };
		5664824E29686F15001E60BD /* Assets.xcassets */ = {isa = PBXFileReference; lastKnownFileType = folder.assetcatalog; path = Assets.xcassets; sourceTree = "<group>"; };
		5664825729686F15001E60BD /* BioWeatherTests.xctest */ = {isa = PBXFileReference; explicitFileType = wrapper.cfbundle; includeInIndex = 0; path = BioWeatherTests.xctest; sourceTree = BUILT_PRODUCTS_DIR; };
		56648275296870A0001E60BD /* LocationManager.swift */ = {isa = PBXFileReference; lastKnownFileType = sourcecode.swift; path = LocationManager.swift; sourceTree = "<group>"; };
		5664827929687ABF001E60BD /* Info.plist */ = {isa = PBXFileReference; lastKnownFileType = text.plist.xml; path = Info.plist; sourceTree = "<group>"; };
		5664828129688371001E60BD /* AuthenticationView.swift */ = {isa = PBXFileReference; lastKnownFileType = sourcecode.swift; path = AuthenticationView.swift; sourceTree = "<group>"; };
		5664828829689C66001E60BD /* Color+Custom.swift */ = {isa = PBXFileReference; lastKnownFileType = sourcecode.swift; path = "Color+Custom.swift"; sourceTree = "<group>"; };
		5664828A2968A9D0001E60BD /* AuthenticationViewModel.swift */ = {isa = PBXFileReference; lastKnownFileType = sourcecode.swift; path = AuthenticationViewModel.swift; sourceTree = "<group>"; };
		5664828D2968AA5F001E60BD /* WeatherInformationView.swift */ = {isa = PBXFileReference; lastKnownFileType = sourcecode.swift; path = WeatherInformationView.swift; sourceTree = "<group>"; };
		568E08752969ED3700BD5FA5 /* BioWeatherTestApp.swift */ = {isa = PBXFileReference; lastKnownFileType = sourcecode.swift; path = BioWeatherTestApp.swift; sourceTree = "<group>"; };
		568E08772969ED4E00BD5FA5 /* AppLauncher.swift */ = {isa = PBXFileReference; lastKnownFileType = sourcecode.swift; path = AppLauncher.swift; sourceTree = "<group>"; };
		568E08792969EE8900BD5FA5 /* AppConfiguration.swift */ = {isa = PBXFileReference; lastKnownFileType = sourcecode.swift; path = AppConfiguration.swift; sourceTree = "<group>"; };
		568E087B2969EF3500BD5FA5 /* Local.plist */ = {isa = PBXFileReference; lastKnownFileType = text.plist.xml; path = Local.plist; sourceTree = "<group>"; };
		568E087E2969F02D00BD5FA5 /* AppConfigurationTest.swift */ = {isa = PBXFileReference; lastKnownFileType = sourcecode.swift; path = AppConfigurationTest.swift; sourceTree = "<group>"; };
		568E08842969F24800BD5FA5 /* LocaleProvider.swift */ = {isa = PBXFileReference; lastKnownFileType = sourcecode.swift; path = LocaleProvider.swift; sourceTree = "<group>"; };
		568E08882969F32900BD5FA5 /* NetworkProvider.swift */ = {isa = PBXFileReference; fileEncoding = 4; lastKnownFileType = sourcecode.swift; path = NetworkProvider.swift; sourceTree = "<group>"; };
		568E08892969F32900BD5FA5 /* URLSessionNetworkProvider.swift */ = {isa = PBXFileReference; fileEncoding = 4; lastKnownFileType = sourcecode.swift; path = URLSessionNetworkProvider.swift; sourceTree = "<group>"; };
		568E088B2969F32900BD5FA5 /* URLBuilder.swift */ = {isa = PBXFileReference; fileEncoding = 4; lastKnownFileType = sourcecode.swift; path = URLBuilder.swift; sourceTree = "<group>"; };
		568E088D2969F32900BD5FA5 /* Endpoint.swift */ = {isa = PBXFileReference; fileEncoding = 4; lastKnownFileType = sourcecode.swift; path = Endpoint.swift; sourceTree = "<group>"; };
		568E088F2969F32900BD5FA5 /* Reachability.swift */ = {isa = PBXFileReference; fileEncoding = 4; lastKnownFileType = sourcecode.swift; path = Reachability.swift; sourceTree = "<group>"; };
		568E08912969F32900BD5FA5 /* ApiError.swift */ = {isa = PBXFileReference; fileEncoding = 4; lastKnownFileType = sourcecode.swift; path = ApiError.swift; sourceTree = "<group>"; };
		568E08982969F37500BD5FA5 /* Endpoint+UrlRequest.swift */ = {isa = PBXFileReference; lastKnownFileType = sourcecode.swift; path = "Endpoint+UrlRequest.swift"; sourceTree = "<group>"; };
		568E089D2969F44D00BD5FA5 /* DummyEndpoint.swift */ = {isa = PBXFileReference; lastKnownFileType = sourcecode.swift; name = DummyEndpoint.swift; path = BioWeather/Extensions/DummyEndpoint.swift; sourceTree = SOURCE_ROOT; };
		568E08A12969F47F00BD5FA5 /* URLProtocolMock.swift */ = {isa = PBXFileReference; lastKnownFileType = sourcecode.swift; name = URLProtocolMock.swift; path = BioWeather/Extensions/URLProtocolMock.swift; sourceTree = SOURCE_ROOT; };
		568E08A52969F4C800BD5FA5 /* URLSessionNetworkProviderTest.swift */ = {isa = PBXFileReference; lastKnownFileType = sourcecode.swift; path = URLSessionNetworkProviderTest.swift; sourceTree = "<group>"; };
		568E08A92969F4F700BD5FA5 /* ReachabilityMock.swift */ = {isa = PBXFileReference; lastKnownFileType = sourcecode.swift; path = ReachabilityMock.swift; sourceTree = "<group>"; };
		568E08AB2969F57D00BD5FA5 /* UrlBuilderTest.swift */ = {isa = PBXFileReference; lastKnownFileType = sourcecode.swift; path = UrlBuilderTest.swift; sourceTree = "<group>"; };
		568E08AD2969F69300BD5FA5 /* CurrentWeatherEndpoint.swift */ = {isa = PBXFileReference; lastKnownFileType = sourcecode.swift; path = CurrentWeatherEndpoint.swift; sourceTree = "<group>"; };
		568E08B02969F7C200BD5FA5 /* Coordinates.swift */ = {isa = PBXFileReference; lastKnownFileType = sourcecode.swift; path = Coordinates.swift; sourceTree = "<group>"; };
		568E08B22969F85400BD5FA5 /* Coordinates+Map.swift */ = {isa = PBXFileReference; lastKnownFileType = sourcecode.swift; path = "Coordinates+Map.swift"; sourceTree = "<group>"; };
		568E08B42969F8AF00BD5FA5 /* CurrentWeatherEndpointTest.swift */ = {isa = PBXFileReference; lastKnownFileType = sourcecode.swift; path = CurrentWeatherEndpointTest.swift; sourceTree = "<group>"; };
		568E08B62969FA3400BD5FA5 /* Service.swift */ = {isa = PBXFileReference; lastKnownFileType = sourcecode.swift; path = Service.swift; sourceTree = "<group>"; };
		568E08B92969FA9800BD5FA5 /* DataParser.swift */ = {isa = PBXFileReference; lastKnownFileType = sourcecode.swift; path = DataParser.swift; sourceTree = "<group>"; };
		568E08BB2969FAA800BD5FA5 /* JsonDataParser.swift */ = {isa = PBXFileReference; lastKnownFileType = sourcecode.swift; path = JsonDataParser.swift; sourceTree = "<group>"; };
		568E08BD2969FABF00BD5FA5 /* ParserError.swift */ = {isa = PBXFileReference; lastKnownFileType = sourcecode.swift; path = ParserError.swift; sourceTree = "<group>"; };
		568E08C02969FB1B00BD5FA5 /* JsonDataParserTest.swift */ = {isa = PBXFileReference; lastKnownFileType = sourcecode.swift; path = JsonDataParserTest.swift; sourceTree = "<group>"; };
		568E08C22969FB8E00BD5FA5 /* Weather.swift */ = {isa = PBXFileReference; lastKnownFileType = sourcecode.swift; path = Weather.swift; sourceTree = "<group>"; };
		568E08C72969FE4400BD5FA5 /* JSONHelper.swift */ = {isa = PBXFileReference; lastKnownFileType = sourcecode.swift; path = JSONHelper.swift; sourceTree = "<group>"; };
		568E08CA2969FE6800BD5FA5 /* weather.json */ = {isa = PBXFileReference; lastKnownFileType = text.json; path = weather.json; sourceTree = "<group>"; };
		568E08CF296A001000BD5FA5 /* Location.swift */ = {isa = PBXFileReference; lastKnownFileType = sourcecode.swift; path = Location.swift; sourceTree = "<group>"; };
		568E08D1296A02DF00BD5FA5 /* CurrentWeather.swift */ = {isa = PBXFileReference; lastKnownFileType = sourcecode.swift; path = CurrentWeather.swift; sourceTree = "<group>"; };
		568E08D3296A04F500BD5FA5 /* location.json */ = {isa = PBXFileReference; lastKnownFileType = text.json; path = location.json; sourceTree = "<group>"; };
		568E08D4296A050A00BD5FA5 /* current-weather.json */ = {isa = PBXFileReference; lastKnownFileType = text.json; path = "current-weather.json"; sourceTree = "<group>"; };
		568E08D8296A057800BD5FA5 /* CurrentWeatherResponseTest.swift */ = {isa = PBXFileReference; lastKnownFileType = sourcecode.swift; path = CurrentWeatherResponseTest.swift; sourceTree = "<group>"; };
		568E08DA296A05F700BD5FA5 /* LocationResponseTest.swift */ = {isa = PBXFileReference; lastKnownFileType = sourcecode.swift; path = LocationResponseTest.swift; sourceTree = "<group>"; };
		568E08DC296A063200BD5FA5 /* WeatherResponseTest.swift */ = {isa = PBXFileReference; lastKnownFileType = sourcecode.swift; path = WeatherResponseTest.swift; sourceTree = "<group>"; };
/* End PBXFileReference section */

/* Begin PBXFrameworksBuildPhase section */
		5664824429686F14001E60BD /* Frameworks */ = {
			isa = PBXFrameworksBuildPhase;
			buildActionMask = 2147483647;
			files = (
			);
			runOnlyForDeploymentPostprocessing = 0;
		};
		5664825429686F15001E60BD /* Frameworks */ = {
			isa = PBXFrameworksBuildPhase;
			buildActionMask = 2147483647;
			files = (
			);
			runOnlyForDeploymentPostprocessing = 0;
		};
/* End PBXFrameworksBuildPhase section */

/* Begin PBXGroup section */
		5664823E29686F14001E60BD = {
			isa = PBXGroup;
			children = (
				5664824929686F14001E60BD /* BioWeather */,
				5664825A29686F15001E60BD /* BioWeatherTests */,
				5664824829686F14001E60BD /* Products */,
			);
			sourceTree = "<group>";
		};
		5664824829686F14001E60BD /* Products */ = {
			isa = PBXGroup;
			children = (
				5664824729686F14001E60BD /* BioWeather.app */,
				5664825729686F15001E60BD /* BioWeatherTests.xctest */,
			);
			name = Products;
			sourceTree = "<group>";
		};
		5664824929686F14001E60BD /* BioWeather */ = {
			isa = PBXGroup;
			children = (
				5664824E29686F15001E60BD /* Assets.xcassets */,
				5664828029688356001E60BD /* Authentication */,
				5664827A29688038001E60BD /* Configurations */,
				566482772968788A001E60BD /* Core */,
				5664828729689C56001E60BD /* Extensions */,
				5664827429687093001E60BD /* Location */,
				568E08AF2969F7BA00BD5FA5 /* Model */,
				568E08862969F32900BD5FA5 /* Network */,
				5664828C2968AA3F001E60BD /* WeatherInformation */,
			);
			path = BioWeather;
			sourceTree = "<group>";
		};
		5664825A29686F15001E60BD /* BioWeatherTests */ = {
			isa = PBXGroup;
			children = (
				568E087D2969F02100BD5FA5 /* Configurations */,
				568E08C62969FE3900BD5FA5 /* Helpers */,
				568E08C92969FE5700BD5FA5 /* JSONMocks */,
				568E089A2969F43F00BD5FA5 /* Network */,
			);
			path = BioWeatherTests;
			sourceTree = "<group>";
		};
		5664827429687093001E60BD /* Location */ = {
			isa = PBXGroup;
			children = (
				56648275296870A0001E60BD /* LocationManager.swift */,
			);
			path = Location;
			sourceTree = "<group>";
		};
		566482772968788A001E60BD /* Core */ = {
			isa = PBXGroup;
			children = (
				5664824A29686F14001E60BD /* BioWeatherApp.swift */,
				568E08752969ED3700BD5FA5 /* BioWeatherTestApp.swift */,
				568E08772969ED4E00BD5FA5 /* AppLauncher.swift */,
			);
			path = Core;
			sourceTree = "<group>";
		};
		5664827A29688038001E60BD /* Configurations */ = {
			isa = PBXGroup;
			children = (
				5664827929687ABF001E60BD /* Info.plist */,
				568E087B2969EF3500BD5FA5 /* Local.plist */,
				568E08792969EE8900BD5FA5 /* AppConfiguration.swift */,
				568E08842969F24800BD5FA5 /* LocaleProvider.swift */,
			);
			path = Configurations;
			sourceTree = "<group>";
		};
		5664828029688356001E60BD /* Authentication */ = {
			isa = PBXGroup;
			children = (
				5664828129688371001E60BD /* AuthenticationView.swift */,
				5664828A2968A9D0001E60BD /* AuthenticationViewModel.swift */,
			);
			path = Authentication;
			sourceTree = "<group>";
		};
		5664828729689C56001E60BD /* Extensions */ = {
			isa = PBXGroup;
			children = (
				5664828829689C66001E60BD /* Color+Custom.swift */,
				568E08982969F37500BD5FA5 /* Endpoint+UrlRequest.swift */,
				568E08B22969F85400BD5FA5 /* Coordinates+Map.swift */,
			);
			path = Extensions;
			sourceTree = "<group>";
		};
		5664828C2968AA3F001E60BD /* WeatherInformation */ = {
			isa = PBXGroup;
			children = (
				5664828D2968AA5F001E60BD /* WeatherInformationView.swift */,
			);
			path = WeatherInformation;
			sourceTree = "<group>";
		};
		568E087D2969F02100BD5FA5 /* Configurations */ = {
			isa = PBXGroup;
			children = (
				568E087E2969F02D00BD5FA5 /* AppConfigurationTest.swift */,
			);
			path = Configurations;
			sourceTree = "<group>";
		};
		568E08862969F32900BD5FA5 /* Network */ = {
			isa = PBXGroup;
			children = (
				568E088C2969F32900BD5FA5 /* Endpoint */,
				568E08902969F32900BD5FA5 /* Error */,
				568E08B82969FA7700BD5FA5 /* Parser */,
				568E08872969F32900BD5FA5 /* Provider */,
				568E088E2969F32900BD5FA5 /* Reachability */,
				568E088A2969F32900BD5FA5 /* Support */,
			);
			path = Network;
			sourceTree = "<group>";
		};
		568E08872969F32900BD5FA5 /* Provider */ = {
			isa = PBXGroup;
			children = (
				568E08882969F32900BD5FA5 /* NetworkProvider.swift */,
				568E08892969F32900BD5FA5 /* URLSessionNetworkProvider.swift */,
			);
			path = Provider;
			sourceTree = "<group>";
		};
		568E088A2969F32900BD5FA5 /* Support */ = {
			isa = PBXGroup;
			children = (
				568E088B2969F32900BD5FA5 /* URLBuilder.swift */,
			);
			path = Support;
			sourceTree = "<group>";
		};
		568E088C2969F32900BD5FA5 /* Endpoint */ = {
			isa = PBXGroup;
			children = (
				568E088D2969F32900BD5FA5 /* Endpoint.swift */,
				568E08AD2969F69300BD5FA5 /* CurrentWeatherEndpoint.swift */,
			);
			path = Endpoint;
			sourceTree = "<group>";
		};
		568E088E2969F32900BD5FA5 /* Reachability */ = {
			isa = PBXGroup;
			children = (
				568E088F2969F32900BD5FA5 /* Reachability.swift */,
			);
			path = Reachability;
			sourceTree = "<group>";
		};
		568E08902969F32900BD5FA5 /* Error */ = {
			isa = PBXGroup;
			children = (
				568E08912969F32900BD5FA5 /* ApiError.swift */,
				568E08BD2969FABF00BD5FA5 /* ParserError.swift */,
			);
			path = Error;
			sourceTree = "<group>";
		};
		568E089A2969F43F00BD5FA5 /* Network */ = {
			isa = PBXGroup;
			children = (
				568E089B2969F44400BD5FA5 /* Endpoint */,
				568E08BF2969FB1400BD5FA5 /* Parser */,
				568E089F2969F46E00BD5FA5 /* Provider */,
				568E08D7296A054B00BD5FA5 /* Responses */,
				568E08A72969F4E800BD5FA5 /* Support */,
			);
			path = Network;
			sourceTree = "<group>";
		};
		568E089B2969F44400BD5FA5 /* Endpoint */ = {
			isa = PBXGroup;
			children = (
				568E089C2969F44700BD5FA5 /* Mock */,
				568E08B42969F8AF00BD5FA5 /* CurrentWeatherEndpointTest.swift */,
			);
			path = Endpoint;
			sourceTree = "<group>";
		};
		568E089C2969F44700BD5FA5 /* Mock */ = {
			isa = PBXGroup;
			children = (
				568E089D2969F44D00BD5FA5 /* DummyEndpoint.swift */,
			);
			path = Mock;
			sourceTree = "<group>";
		};
		568E089F2969F46E00BD5FA5 /* Provider */ = {
			isa = PBXGroup;
			children = (
				568E08A02969F47300BD5FA5 /* Mock */,
				568E08A52969F4C800BD5FA5 /* URLSessionNetworkProviderTest.swift */,
			);
			path = Provider;
			sourceTree = "<group>";
		};
		568E08A02969F47300BD5FA5 /* Mock */ = {
			isa = PBXGroup;
			children = (
				568E08A12969F47F00BD5FA5 /* URLProtocolMock.swift */,
			);
			path = Mock;
			sourceTree = "<group>";
		};
		568E08A72969F4E800BD5FA5 /* Support */ = {
			isa = PBXGroup;
			children = (
				568E08A82969F4EC00BD5FA5 /* Mock */,
				568E08AB2969F57D00BD5FA5 /* UrlBuilderTest.swift */,
			);
			path = Support;
			sourceTree = "<group>";
		};
		568E08A82969F4EC00BD5FA5 /* Mock */ = {
			isa = PBXGroup;
			children = (
				568E08A92969F4F700BD5FA5 /* ReachabilityMock.swift */,
			);
			path = Mock;
			sourceTree = "<group>";
		};
		568E08AF2969F7BA00BD5FA5 /* Model */ = {
			isa = PBXGroup;
			children = (
				568E08B02969F7C200BD5FA5 /* Coordinates.swift */,
				568E08D1296A02DF00BD5FA5 /* CurrentWeather.swift */,
				568E08CF296A001000BD5FA5 /* Location.swift */,
				568E08B62969FA3400BD5FA5 /* Service.swift */,
				568E08C22969FB8E00BD5FA5 /* Weather.swift */,
			);
			path = Model;
			sourceTree = "<group>";
		};
		568E08B82969FA7700BD5FA5 /* Parser */ = {
			isa = PBXGroup;
			children = (
				568E08B92969FA9800BD5FA5 /* DataParser.swift */,
				568E08BB2969FAA800BD5FA5 /* JsonDataParser.swift */,
			);
			path = Parser;
			sourceTree = "<group>";
		};
		568E08BF2969FB1400BD5FA5 /* Parser */ = {
			isa = PBXGroup;
			children = (
				568E08C02969FB1B00BD5FA5 /* JsonDataParserTest.swift */,
			);
			path = Parser;
			sourceTree = "<group>";
		};
		568E08C62969FE3900BD5FA5 /* Helpers */ = {
			isa = PBXGroup;
			children = (
				568E08C72969FE4400BD5FA5 /* JSONHelper.swift */,
			);
			path = Helpers;
			sourceTree = "<group>";
		};
		568E08C92969FE5700BD5FA5 /* JSONMocks */ = {
			isa = PBXGroup;
			children = (
				568E08CA2969FE6800BD5FA5 /* weather.json */,
				568E08D3296A04F500BD5FA5 /* location.json */,
				568E08D4296A050A00BD5FA5 /* current-weather.json */,
			);
			path = JSONMocks;
			sourceTree = "<group>";
		};
		568E08D7296A054B00BD5FA5 /* Responses */ = {
			isa = PBXGroup;
			children = (
				568E08D8296A057800BD5FA5 /* CurrentWeatherResponseTest.swift */,
				568E08DA296A05F700BD5FA5 /* LocationResponseTest.swift */,
				568E08DC296A063200BD5FA5 /* WeatherResponseTest.swift */,
			);
			path = Responses;
			sourceTree = "<group>";
		};
/* End PBXGroup section */

/* Begin PBXNativeTarget section */
		5664824629686F14001E60BD /* BioWeather */ = {
			isa = PBXNativeTarget;
			buildConfigurationList = 5664826B29686F16001E60BD /* Build configuration list for PBXNativeTarget "BioWeather" */;
			buildPhases = (
				5664824329686F14001E60BD /* Sources */,
				5664824429686F14001E60BD /* Frameworks */,
				5664824529686F14001E60BD /* Resources */,
			);
			buildRules = (
			);
			dependencies = (
			);
			name = BioWeather;
			productName = BioWeather;
			productReference = 5664824729686F14001E60BD /* BioWeather.app */;
			productType = "com.apple.product-type.application";
		};
		5664825629686F15001E60BD /* BioWeatherTests */ = {
			isa = PBXNativeTarget;
			buildConfigurationList = 5664826E29686F16001E60BD /* Build configuration list for PBXNativeTarget "BioWeatherTests" */;
			buildPhases = (
				5664825329686F15001E60BD /* Sources */,
				5664825429686F15001E60BD /* Frameworks */,
				5664825529686F15001E60BD /* Resources */,
			);
			buildRules = (
			);
			dependencies = (
				5664825929686F15001E60BD /* PBXTargetDependency */,
			);
			name = BioWeatherTests;
			productName = BioWeatherTests;
			productReference = 5664825729686F15001E60BD /* BioWeatherTests.xctest */;
			productType = "com.apple.product-type.bundle.unit-test";
		};
/* End PBXNativeTarget section */

/* Begin PBXProject section */
		5664823F29686F14001E60BD /* Project object */ = {
			isa = PBXProject;
			attributes = {
				BuildIndependentTargetsInParallel = 1;
				LastSwiftUpdateCheck = 1420;
				LastUpgradeCheck = 1420;
				TargetAttributes = {
					5664824629686F14001E60BD = {
						CreatedOnToolsVersion = 14.2;
					};
					5664825629686F15001E60BD = {
						CreatedOnToolsVersion = 14.2;
						TestTargetID = 5664824629686F14001E60BD;
					};
				};
			};
			buildConfigurationList = 5664824229686F14001E60BD /* Build configuration list for PBXProject "BioWeather" */;
			compatibilityVersion = "Xcode 14.0";
			developmentRegion = en;
			hasScannedForEncodings = 0;
			knownRegions = (
				en,
				Base,
			);
			mainGroup = 5664823E29686F14001E60BD;
			productRefGroup = 5664824829686F14001E60BD /* Products */;
			projectDirPath = "";
			projectRoot = "";
			targets = (
				5664824629686F14001E60BD /* BioWeather */,
				5664825629686F15001E60BD /* BioWeatherTests */,
			);
		};
/* End PBXProject section */

/* Begin PBXResourcesBuildPhase section */
		5664824529686F14001E60BD /* Resources */ = {
			isa = PBXResourcesBuildPhase;
			buildActionMask = 2147483647;
			files = (
				5664824F29686F15001E60BD /* Assets.xcassets in Resources */,
			);
			runOnlyForDeploymentPostprocessing = 0;
		};
		5664825529686F15001E60BD /* Resources */ = {
			isa = PBXResourcesBuildPhase;
			buildActionMask = 2147483647;
			files = (
				568E08D5296A051B00BD5FA5 /* location.json in Resources */,
				568E08D6296A051B00BD5FA5 /* current-weather.json in Resources */,
				568E08CB2969FE9B00BD5FA5 /* weather.json in Resources */,
			);
			runOnlyForDeploymentPostprocessing = 0;
		};
/* End PBXResourcesBuildPhase section */

/* Begin PBXSourcesBuildPhase section */
		5664824329686F14001E60BD /* Sources */ = {
			isa = PBXSourcesBuildPhase;
			buildActionMask = 2147483647;
			files = (
				568E08952969F32900BD5FA5 /* Endpoint.swift in Sources */,
				568E087A2969EE8900BD5FA5 /* AppConfiguration.swift in Sources */,
				568E08BA2969FA9800BD5FA5 /* DataParser.swift in Sources */,
				568E08992969F37500BD5FA5 /* Endpoint+UrlRequest.swift in Sources */,
				568E08AE2969F69300BD5FA5 /* CurrentWeatherEndpoint.swift in Sources */,
				568E08762969ED3700BD5FA5 /* BioWeatherTestApp.swift in Sources */,
				5664828B2968A9D0001E60BD /* AuthenticationViewModel.swift in Sources */,
				568E08BC2969FAA800BD5FA5 /* JsonDataParser.swift in Sources */,
				5664828929689C66001E60BD /* Color+Custom.swift in Sources */,
				568E08D2296A02DF00BD5FA5 /* CurrentWeather.swift in Sources */,
				568E08942969F32900BD5FA5 /* URLBuilder.swift in Sources */,
				568E08B72969FA3400BD5FA5 /* Service.swift in Sources */,
				568E08852969F24800BD5FA5 /* LocaleProvider.swift in Sources */,
				568E08D0296A001000BD5FA5 /* Location.swift in Sources */,
				5664824B29686F14001E60BD /* BioWeatherApp.swift in Sources */,
				568E08962969F32900BD5FA5 /* Reachability.swift in Sources */,
				568E08C32969FB8E00BD5FA5 /* Weather.swift in Sources */,
				568E08932969F32900BD5FA5 /* URLSessionNetworkProvider.swift in Sources */,
				568E08B32969F85400BD5FA5 /* Coordinates+Map.swift in Sources */,
				5664828E2968AA5F001E60BD /* WeatherInformationView.swift in Sources */,
				568E08B12969F7C200BD5FA5 /* Coordinates.swift in Sources */,
				568E08922969F32900BD5FA5 /* NetworkProvider.swift in Sources */,
				568E08BE2969FABF00BD5FA5 /* ParserError.swift in Sources */,
				5664828229688371001E60BD /* AuthenticationView.swift in Sources */,
				568E08972969F32900BD5FA5 /* ApiError.swift in Sources */,
				56648276296870A0001E60BD /* LocationManager.swift in Sources */,
				568E08782969ED4E00BD5FA5 /* AppLauncher.swift in Sources */,
			);
			runOnlyForDeploymentPostprocessing = 0;
		};
		5664825329686F15001E60BD /* Sources */ = {
			isa = PBXSourcesBuildPhase;
			buildActionMask = 2147483647;
			files = (
				568E08B52969F8AF00BD5FA5 /* CurrentWeatherEndpointTest.swift in Sources */,
				568E089E2969F44D00BD5FA5 /* DummyEndpoint.swift in Sources */,
				568E08AC2969F57D00BD5FA5 /* UrlBuilderTest.swift in Sources */,
				568E08C82969FE4400BD5FA5 /* JSONHelper.swift in Sources */,
				568E08DB296A05F700BD5FA5 /* LocationResponseTest.swift in Sources */,
				568E08A22969F47F00BD5FA5 /* URLProtocolMock.swift in Sources */,
				568E08C12969FB1B00BD5FA5 /* JsonDataParserTest.swift in Sources */,
				568E08D9296A057800BD5FA5 /* CurrentWeatherResponseTest.swift in Sources */,
				568E08AA2969F4F700BD5FA5 /* ReachabilityMock.swift in Sources */,
				568E08A62969F4C800BD5FA5 /* URLSessionNetworkProviderTest.swift in Sources */,
				568E087F2969F02D00BD5FA5 /* AppConfigurationTest.swift in Sources */,
				568E08DD296A063200BD5FA5 /* WeatherResponseTest.swift in Sources */,
			);
			runOnlyForDeploymentPostprocessing = 0;
		};
/* End PBXSourcesBuildPhase section */

/* Begin PBXTargetDependency section */
		5664825929686F15001E60BD /* PBXTargetDependency */ = {
			isa = PBXTargetDependency;
			target = 5664824629686F14001E60BD /* BioWeather */;
			targetProxy = 5664825829686F15001E60BD /* PBXContainerItemProxy */;
		};
/* End PBXTargetDependency section */

/* Begin XCBuildConfiguration section */
		5664826929686F16001E60BD /* Debug */ = {
			isa = XCBuildConfiguration;
			buildSettings = {
				ALWAYS_SEARCH_USER_PATHS = NO;
				CLANG_ANALYZER_NONNULL = YES;
				CLANG_ANALYZER_NUMBER_OBJECT_CONVERSION = YES_AGGRESSIVE;
				CLANG_CXX_LANGUAGE_STANDARD = "gnu++20";
				CLANG_ENABLE_MODULES = YES;
				CLANG_ENABLE_OBJC_ARC = YES;
				CLANG_ENABLE_OBJC_WEAK = YES;
				CLANG_WARN_BLOCK_CAPTURE_AUTORELEASING = YES;
				CLANG_WARN_BOOL_CONVERSION = YES;
				CLANG_WARN_COMMA = YES;
				CLANG_WARN_CONSTANT_CONVERSION = YES;
				CLANG_WARN_DEPRECATED_OBJC_IMPLEMENTATIONS = YES;
				CLANG_WARN_DIRECT_OBJC_ISA_USAGE = YES_ERROR;
				CLANG_WARN_DOCUMENTATION_COMMENTS = YES;
				CLANG_WARN_EMPTY_BODY = YES;
				CLANG_WARN_ENUM_CONVERSION = YES;
				CLANG_WARN_INFINITE_RECURSION = YES;
				CLANG_WARN_INT_CONVERSION = YES;
				CLANG_WARN_NON_LITERAL_NULL_CONVERSION = YES;
				CLANG_WARN_OBJC_IMPLICIT_RETAIN_SELF = YES;
				CLANG_WARN_OBJC_LITERAL_CONVERSION = YES;
				CLANG_WARN_OBJC_ROOT_CLASS = YES_ERROR;
				CLANG_WARN_QUOTED_INCLUDE_IN_FRAMEWORK_HEADER = YES;
				CLANG_WARN_RANGE_LOOP_ANALYSIS = YES;
				CLANG_WARN_STRICT_PROTOTYPES = YES;
				CLANG_WARN_SUSPICIOUS_MOVE = YES;
				CLANG_WARN_UNGUARDED_AVAILABILITY = YES_AGGRESSIVE;
				CLANG_WARN_UNREACHABLE_CODE = YES;
				CLANG_WARN__DUPLICATE_METHOD_MATCH = YES;
				COPY_PHASE_STRIP = NO;
				DEBUG_INFORMATION_FORMAT = dwarf;
				ENABLE_STRICT_OBJC_MSGSEND = YES;
				ENABLE_TESTABILITY = YES;
				GCC_C_LANGUAGE_STANDARD = gnu11;
				GCC_DYNAMIC_NO_PIC = NO;
				GCC_NO_COMMON_BLOCKS = YES;
				GCC_OPTIMIZATION_LEVEL = 0;
				GCC_PREPROCESSOR_DEFINITIONS = (
					"DEBUG=1",
					"$(inherited)",
				);
				GCC_WARN_64_TO_32_BIT_CONVERSION = YES;
				GCC_WARN_ABOUT_RETURN_TYPE = YES_ERROR;
				GCC_WARN_UNDECLARED_SELECTOR = YES;
				GCC_WARN_UNINITIALIZED_AUTOS = YES_AGGRESSIVE;
				GCC_WARN_UNUSED_FUNCTION = YES;
				GCC_WARN_UNUSED_VARIABLE = YES;
				INFOPLIST_FILE = BioWeather/Configurations/Info.plist;
				IPHONEOS_DEPLOYMENT_TARGET = 16.2;
				MTL_ENABLE_DEBUG_INFO = INCLUDE_SOURCE;
				MTL_FAST_MATH = YES;
				ONLY_ACTIVE_ARCH = YES;
				SDKROOT = iphoneos;
				SWIFT_ACTIVE_COMPILATION_CONDITIONS = DEBUG;
				SWIFT_OPTIMIZATION_LEVEL = "-Onone";
			};
			name = Debug;
		};
		5664826A29686F16001E60BD /* Release */ = {
			isa = XCBuildConfiguration;
			buildSettings = {
				ALWAYS_SEARCH_USER_PATHS = NO;
				CLANG_ANALYZER_NONNULL = YES;
				CLANG_ANALYZER_NUMBER_OBJECT_CONVERSION = YES_AGGRESSIVE;
				CLANG_CXX_LANGUAGE_STANDARD = "gnu++20";
				CLANG_ENABLE_MODULES = YES;
				CLANG_ENABLE_OBJC_ARC = YES;
				CLANG_ENABLE_OBJC_WEAK = YES;
				CLANG_WARN_BLOCK_CAPTURE_AUTORELEASING = YES;
				CLANG_WARN_BOOL_CONVERSION = YES;
				CLANG_WARN_COMMA = YES;
				CLANG_WARN_CONSTANT_CONVERSION = YES;
				CLANG_WARN_DEPRECATED_OBJC_IMPLEMENTATIONS = YES;
				CLANG_WARN_DIRECT_OBJC_ISA_USAGE = YES_ERROR;
				CLANG_WARN_DOCUMENTATION_COMMENTS = YES;
				CLANG_WARN_EMPTY_BODY = YES;
				CLANG_WARN_ENUM_CONVERSION = YES;
				CLANG_WARN_INFINITE_RECURSION = YES;
				CLANG_WARN_INT_CONVERSION = YES;
				CLANG_WARN_NON_LITERAL_NULL_CONVERSION = YES;
				CLANG_WARN_OBJC_IMPLICIT_RETAIN_SELF = YES;
				CLANG_WARN_OBJC_LITERAL_CONVERSION = YES;
				CLANG_WARN_OBJC_ROOT_CLASS = YES_ERROR;
				CLANG_WARN_QUOTED_INCLUDE_IN_FRAMEWORK_HEADER = YES;
				CLANG_WARN_RANGE_LOOP_ANALYSIS = YES;
				CLANG_WARN_STRICT_PROTOTYPES = YES;
				CLANG_WARN_SUSPICIOUS_MOVE = YES;
				CLANG_WARN_UNGUARDED_AVAILABILITY = YES_AGGRESSIVE;
				CLANG_WARN_UNREACHABLE_CODE = YES;
				CLANG_WARN__DUPLICATE_METHOD_MATCH = YES;
				COPY_PHASE_STRIP = NO;
				DEBUG_INFORMATION_FORMAT = "dwarf-with-dsym";
				ENABLE_NS_ASSERTIONS = NO;
				ENABLE_STRICT_OBJC_MSGSEND = YES;
				GCC_C_LANGUAGE_STANDARD = gnu11;
				GCC_NO_COMMON_BLOCKS = YES;
				GCC_WARN_64_TO_32_BIT_CONVERSION = YES;
				GCC_WARN_ABOUT_RETURN_TYPE = YES_ERROR;
				GCC_WARN_UNDECLARED_SELECTOR = YES;
				GCC_WARN_UNINITIALIZED_AUTOS = YES_AGGRESSIVE;
				GCC_WARN_UNUSED_FUNCTION = YES;
				GCC_WARN_UNUSED_VARIABLE = YES;
				INFOPLIST_FILE = BioWeather/Configurations/Info.plist;
				IPHONEOS_DEPLOYMENT_TARGET = 16.2;
				MTL_ENABLE_DEBUG_INFO = NO;
				MTL_FAST_MATH = YES;
				SDKROOT = iphoneos;
				SWIFT_COMPILATION_MODE = wholemodule;
				SWIFT_OPTIMIZATION_LEVEL = "-O";
				VALIDATE_PRODUCT = YES;
			};
			name = Release;
		};
		5664826C29686F16001E60BD /* Debug */ = {
			isa = XCBuildConfiguration;
			buildSettings = {
				ASSETCATALOG_COMPILER_APPICON_NAME = AppIcon;
				ASSETCATALOG_COMPILER_GLOBAL_ACCENT_COLOR_NAME = AccentColor;
				CODE_SIGN_STYLE = Automatic;
				CURRENT_PROJECT_VERSION = 1;
				DEVELOPMENT_ASSET_PATHS = "";
				DEVELOPMENT_TEAM = KU682TTQW4;
				ENABLE_PREVIEWS = YES;
				GENERATE_INFOPLIST_FILE = YES;
				INFOPLIST_FILE = BioWeather/Configurations/Info.plist;
				INFOPLIST_KEY_NSLocationAlwaysAndWhenInUseUsageDescription = "The location is needed to access the weather at the current location";
				INFOPLIST_KEY_NSLocationWhenInUseUsageDescription = "The location is needed to access the weather at the current location";
				INFOPLIST_KEY_UIApplicationSupportsIndirectInputEvents = YES;
				INFOPLIST_KEY_UILaunchScreen_Generation = YES;
				INFOPLIST_KEY_UISupportedInterfaceOrientations_iPad = "UIInterfaceOrientationPortrait UIInterfaceOrientationPortraitUpsideDown UIInterfaceOrientationLandscapeLeft UIInterfaceOrientationLandscapeRight";
				INFOPLIST_KEY_UISupportedInterfaceOrientations_iPhone = "UIInterfaceOrientationPortrait UIInterfaceOrientationLandscapeLeft UIInterfaceOrientationLandscapeRight";
				IPHONEOS_DEPLOYMENT_TARGET = 15.0;
				LD_RUNPATH_SEARCH_PATHS = (
					"$(inherited)",
					"@executable_path/Frameworks",
				);
				MARKETING_VERSION = 1.0;
				PRODUCT_BUNDLE_IDENTIFIER = com.rcl.BioWeather;
				PRODUCT_NAME = "$(TARGET_NAME)";
				SWIFT_EMIT_LOC_STRINGS = YES;
				SWIFT_VERSION = 5.0;
				TARGETED_DEVICE_FAMILY = "1,2";
			};
			name = Debug;
		};
		5664826D29686F16001E60BD /* Release */ = {
			isa = XCBuildConfiguration;
			buildSettings = {
				ASSETCATALOG_COMPILER_APPICON_NAME = AppIcon;
				ASSETCATALOG_COMPILER_GLOBAL_ACCENT_COLOR_NAME = AccentColor;
				CODE_SIGN_STYLE = Automatic;
				CURRENT_PROJECT_VERSION = 1;
				DEVELOPMENT_ASSET_PATHS = "";
				DEVELOPMENT_TEAM = KU682TTQW4;
				ENABLE_PREVIEWS = YES;
				GENERATE_INFOPLIST_FILE = YES;
				INFOPLIST_FILE = BioWeather/Configurations/Info.plist;
				INFOPLIST_KEY_NSLocationAlwaysAndWhenInUseUsageDescription = "The location is needed to access the weather at the current location";
				INFOPLIST_KEY_NSLocationWhenInUseUsageDescription = "The location is needed to access the weather at the current location";
				INFOPLIST_KEY_UIApplicationSupportsIndirectInputEvents = YES;
				INFOPLIST_KEY_UILaunchScreen_Generation = YES;
				INFOPLIST_KEY_UISupportedInterfaceOrientations_iPad = "UIInterfaceOrientationPortrait UIInterfaceOrientationPortraitUpsideDown UIInterfaceOrientationLandscapeLeft UIInterfaceOrientationLandscapeRight";
				INFOPLIST_KEY_UISupportedInterfaceOrientations_iPhone = "UIInterfaceOrientationPortrait UIInterfaceOrientationLandscapeLeft UIInterfaceOrientationLandscapeRight";
				IPHONEOS_DEPLOYMENT_TARGET = 15.0;
				LD_RUNPATH_SEARCH_PATHS = (
					"$(inherited)",
					"@executable_path/Frameworks",
				);
				MARKETING_VERSION = 1.0;
				PRODUCT_BUNDLE_IDENTIFIER = com.rcl.BioWeather;
				PRODUCT_NAME = "$(TARGET_NAME)";
				SWIFT_EMIT_LOC_STRINGS = YES;
				SWIFT_VERSION = 5.0;
				TARGETED_DEVICE_FAMILY = "1,2";
			};
			name = Release;
		};
		5664826F29686F16001E60BD /* Debug */ = {
			isa = XCBuildConfiguration;
			buildSettings = {
				ALWAYS_EMBED_SWIFT_STANDARD_LIBRARIES = YES;
				BUNDLE_LOADER = "$(TEST_HOST)";
				CODE_SIGN_STYLE = Automatic;
				CURRENT_PROJECT_VERSION = 1;
				DEVELOPMENT_TEAM = KU682TTQW4;
				GENERATE_INFOPLIST_FILE = YES;
				INFOPLIST_FILE = BioWeather/Configurations/Info.plist;
				IPHONEOS_DEPLOYMENT_TARGET = 16.2;
				MARKETING_VERSION = 1.0;
				PRODUCT_BUNDLE_IDENTIFIER = com.rcl.BioWeatherTests;
				PRODUCT_NAME = "$(TARGET_NAME)";
				SWIFT_EMIT_LOC_STRINGS = NO;
				SWIFT_VERSION = 5.0;
				TARGETED_DEVICE_FAMILY = "1,2";
				TEST_HOST = "$(BUILT_PRODUCTS_DIR)/BioWeather.app/$(BUNDLE_EXECUTABLE_FOLDER_PATH)/BioWeather";
			};
			name = Debug;
		};
		5664827029686F16001E60BD /* Release */ = {
			isa = XCBuildConfiguration;
			buildSettings = {
				ALWAYS_EMBED_SWIFT_STANDARD_LIBRARIES = YES;
				BUNDLE_LOADER = "$(TEST_HOST)";
				CODE_SIGN_STYLE = Automatic;
				CURRENT_PROJECT_VERSION = 1;
				DEVELOPMENT_TEAM = KU682TTQW4;
				GENERATE_INFOPLIST_FILE = YES;
				INFOPLIST_FILE = BioWeather/Configurations/Info.plist;
				IPHONEOS_DEPLOYMENT_TARGET = 16.2;
				MARKETING_VERSION = 1.0;
				PRODUCT_BUNDLE_IDENTIFIER = com.rcl.BioWeatherTests;
				PRODUCT_NAME = "$(TARGET_NAME)";
				SWIFT_EMIT_LOC_STRINGS = NO;
				SWIFT_VERSION = 5.0;
				TARGETED_DEVICE_FAMILY = "1,2";
				TEST_HOST = "$(BUILT_PRODUCTS_DIR)/BioWeather.app/$(BUNDLE_EXECUTABLE_FOLDER_PATH)/BioWeather";
			};
			name = Release;
		};
		568E08802969F09D00BD5FA5 /* Local */ = {
			isa = XCBuildConfiguration;
			buildSettings = {
				ALWAYS_SEARCH_USER_PATHS = NO;
				CLANG_ANALYZER_NONNULL = YES;
				CLANG_ANALYZER_NUMBER_OBJECT_CONVERSION = YES_AGGRESSIVE;
				CLANG_CXX_LANGUAGE_STANDARD = "gnu++20";
				CLANG_ENABLE_MODULES = YES;
				CLANG_ENABLE_OBJC_ARC = YES;
				CLANG_ENABLE_OBJC_WEAK = YES;
				CLANG_WARN_BLOCK_CAPTURE_AUTORELEASING = YES;
				CLANG_WARN_BOOL_CONVERSION = YES;
				CLANG_WARN_COMMA = YES;
				CLANG_WARN_CONSTANT_CONVERSION = YES;
				CLANG_WARN_DEPRECATED_OBJC_IMPLEMENTATIONS = YES;
				CLANG_WARN_DIRECT_OBJC_ISA_USAGE = YES_ERROR;
				CLANG_WARN_DOCUMENTATION_COMMENTS = YES;
				CLANG_WARN_EMPTY_BODY = YES;
				CLANG_WARN_ENUM_CONVERSION = YES;
				CLANG_WARN_INFINITE_RECURSION = YES;
				CLANG_WARN_INT_CONVERSION = YES;
				CLANG_WARN_NON_LITERAL_NULL_CONVERSION = YES;
				CLANG_WARN_OBJC_IMPLICIT_RETAIN_SELF = YES;
				CLANG_WARN_OBJC_LITERAL_CONVERSION = YES;
				CLANG_WARN_OBJC_ROOT_CLASS = YES_ERROR;
				CLANG_WARN_QUOTED_INCLUDE_IN_FRAMEWORK_HEADER = YES;
				CLANG_WARN_RANGE_LOOP_ANALYSIS = YES;
				CLANG_WARN_STRICT_PROTOTYPES = YES;
				CLANG_WARN_SUSPICIOUS_MOVE = YES;
				CLANG_WARN_UNGUARDED_AVAILABILITY = YES_AGGRESSIVE;
				CLANG_WARN_UNREACHABLE_CODE = YES;
				CLANG_WARN__DUPLICATE_METHOD_MATCH = YES;
				COPY_PHASE_STRIP = NO;
				DEBUG_INFORMATION_FORMAT = dwarf;
				ENABLE_STRICT_OBJC_MSGSEND = YES;
				ENABLE_TESTABILITY = YES;
				GCC_C_LANGUAGE_STANDARD = gnu11;
				GCC_DYNAMIC_NO_PIC = NO;
				GCC_NO_COMMON_BLOCKS = YES;
				GCC_OPTIMIZATION_LEVEL = 0;
				GCC_PREPROCESSOR_DEFINITIONS = (
					"DEBUG=1",
					"$(inherited)",
				);
				GCC_WARN_64_TO_32_BIT_CONVERSION = YES;
				GCC_WARN_ABOUT_RETURN_TYPE = YES_ERROR;
				GCC_WARN_UNDECLARED_SELECTOR = YES;
				GCC_WARN_UNINITIALIZED_AUTOS = YES_AGGRESSIVE;
				GCC_WARN_UNUSED_FUNCTION = YES;
				GCC_WARN_UNUSED_VARIABLE = YES;
				INFOPLIST_FILE = BioWeather/Configurations/Local.plist;
				IPHONEOS_DEPLOYMENT_TARGET = 16.2;
				MTL_ENABLE_DEBUG_INFO = INCLUDE_SOURCE;
				MTL_FAST_MATH = YES;
				ONLY_ACTIVE_ARCH = YES;
				SDKROOT = iphoneos;
				SWIFT_ACTIVE_COMPILATION_CONDITIONS = DEBUG;
				SWIFT_OPTIMIZATION_LEVEL = "-Onone";
			};
			name = Local;
		};
		568E08812969F09D00BD5FA5 /* Local */ = {
			isa = XCBuildConfiguration;
			buildSettings = {
				ASSETCATALOG_COMPILER_APPICON_NAME = AppIcon;
				ASSETCATALOG_COMPILER_GLOBAL_ACCENT_COLOR_NAME = AccentColor;
				CODE_SIGN_STYLE = Automatic;
				CURRENT_PROJECT_VERSION = 1;
				DEVELOPMENT_ASSET_PATHS = "";
				DEVELOPMENT_TEAM = KU682TTQW4;
				ENABLE_PREVIEWS = YES;
				GENERATE_INFOPLIST_FILE = YES;
				INFOPLIST_FILE = BioWeather/Configurations/Local.plist;
				INFOPLIST_KEY_NSLocationAlwaysAndWhenInUseUsageDescription = "The location is needed to access the weather at the current location";
				INFOPLIST_KEY_NSLocationWhenInUseUsageDescription = "The location is needed to access the weather at the current location";
				INFOPLIST_KEY_UIApplicationSupportsIndirectInputEvents = YES;
				INFOPLIST_KEY_UILaunchScreen_Generation = YES;
				INFOPLIST_KEY_UISupportedInterfaceOrientations_iPad = "UIInterfaceOrientationPortrait UIInterfaceOrientationPortraitUpsideDown UIInterfaceOrientationLandscapeLeft UIInterfaceOrientationLandscapeRight";
				INFOPLIST_KEY_UISupportedInterfaceOrientations_iPhone = "UIInterfaceOrientationPortrait UIInterfaceOrientationLandscapeLeft UIInterfaceOrientationLandscapeRight";
				IPHONEOS_DEPLOYMENT_TARGET = 15.0;
				LD_RUNPATH_SEARCH_PATHS = (
					"$(inherited)",
					"@executable_path/Frameworks",
				);
				MARKETING_VERSION = 1.0;
				PRODUCT_BUNDLE_IDENTIFIER = com.rcl.BioWeather;
				PRODUCT_NAME = "$(TARGET_NAME)";
				SWIFT_EMIT_LOC_STRINGS = YES;
				SWIFT_VERSION = 5.0;
				TARGETED_DEVICE_FAMILY = "1,2";
			};
			name = Local;
		};
		568E08822969F09D00BD5FA5 /* Local */ = {
			isa = XCBuildConfiguration;
			buildSettings = {
				ALWAYS_EMBED_SWIFT_STANDARD_LIBRARIES = YES;
				BUNDLE_LOADER = "$(TEST_HOST)";
				CODE_SIGN_STYLE = Automatic;
				CURRENT_PROJECT_VERSION = 1;
				DEVELOPMENT_TEAM = KU682TTQW4;
				GENERATE_INFOPLIST_FILE = YES;
				INFOPLIST_FILE = BioWeather/Configurations/Local.plist;
				IPHONEOS_DEPLOYMENT_TARGET = 16.2;
				MARKETING_VERSION = 1.0;
				PRODUCT_BUNDLE_IDENTIFIER = com.rcl.BioWeatherTests;
				PRODUCT_NAME = "$(TARGET_NAME)";
				SWIFT_EMIT_LOC_STRINGS = NO;
				SWIFT_VERSION = 5.0;
				TARGETED_DEVICE_FAMILY = "1,2";
				TEST_HOST = "$(BUILT_PRODUCTS_DIR)/BioWeather.app/$(BUNDLE_EXECUTABLE_FOLDER_PATH)/BioWeather";
			};
			name = Local;
		};
/* End XCBuildConfiguration section */

/* Begin XCConfigurationList section */
		5664824229686F14001E60BD /* Build configuration list for PBXProject "BioWeather" */ = {
			isa = XCConfigurationList;
			buildConfigurations = (
				5664826929686F16001E60BD /* Debug */,
				568E08802969F09D00BD5FA5 /* Local */,
				5664826A29686F16001E60BD /* Release */,
			);
			defaultConfigurationIsVisible = 0;
			defaultConfigurationName = Release;
		};
		5664826B29686F16001E60BD /* Build configuration list for PBXNativeTarget "BioWeather" */ = {
			isa = XCConfigurationList;
			buildConfigurations = (
				5664826C29686F16001E60BD /* Debug */,
				568E08812969F09D00BD5FA5 /* Local */,
				5664826D29686F16001E60BD /* Release */,
			);
			defaultConfigurationIsVisible = 0;
			defaultConfigurationName = Release;
		};
		5664826E29686F16001E60BD /* Build configuration list for PBXNativeTarget "BioWeatherTests" */ = {
			isa = XCConfigurationList;
			buildConfigurations = (
				5664826F29686F16001E60BD /* Debug */,
				568E08822969F09D00BD5FA5 /* Local */,
				5664827029686F16001E60BD /* Release */,
			);
			defaultConfigurationIsVisible = 0;
			defaultConfigurationName = Release;
		};
/* End XCConfigurationList section */
	};
	rootObject = 5664823F29686F14001E60BD /* Project object */;
}
